// !$*UTF8*$!
{
	archiveVersion = 1;
	classes = {
	};
	objectVersion = 46;
	objects = {

/* Begin PBXBuildFile section */
		7A13EC4F1F82D87E00060A84 /* main.cpp in Sources */ = {isa = PBXBuildFile; fileRef = 7A13EC4E1F82D87E00060A84 /* main.cpp */; };
		7A13EC591F82D8CA00060A84 /* Rational.cpp in Sources */ = {isa = PBXBuildFile; fileRef = 7A13EC551F82D8CA00060A84 /* Rational.cpp */; };
		7A13EC5A1F82D8CA00060A84 /* TestCases.cpp in Sources */ = {isa = PBXBuildFile; fileRef = 7A13EC571F82D8CA00060A84 /* TestCases.cpp */; };
/* End PBXBuildFile section */

/* Begin PBXCopyFilesBuildPhase section */
		7A13EC491F82D87E00060A84 /* CopyFiles */ = {
			isa = PBXCopyFilesBuildPhase;
			buildActionMask = 2147483647;
			dstPath = /usr/share/man/man1/;
			dstSubfolderSpec = 0;
			files = (
			);
			runOnlyForDeploymentPostprocessing = 1;
		};
/* End PBXCopyFilesBuildPhase section */

/* Begin PBXFileReference section */
		7A13EC4B1F82D87E00060A84 /* Rational Numbers */ = {isa = PBXFileReference; explicitFileType = "compiled.mach-o.executable"; includeInIndex = 0; path = "Rational Numbers"; sourceTree = BUILT_PRODUCTS_DIR; };
		7A13EC4E1F82D87E00060A84 /* main.cpp */ = {isa = PBXFileReference; lastKnownFileType = sourcecode.cpp.cpp; path = main.cpp; sourceTree = "<group>"; };
		7A13EC551F82D8CA00060A84 /* Rational.cpp */ = {isa = PBXFileReference; fileEncoding = 4; lastKnownFileType = sourcecode.cpp.cpp; path = Rational.cpp; sourceTree = "<group>"; };
		7A13EC561F82D8CA00060A84 /* Rational.hpp */ = {isa = PBXFileReference; fileEncoding = 4; lastKnownFileType = sourcecode.cpp.h; path = Rational.hpp; sourceTree = "<group>"; };
		7A13EC571F82D8CA00060A84 /* TestCases.cpp */ = {isa = PBXFileReference; fileEncoding = 4; lastKnownFileType = sourcecode.cpp.cpp; path = TestCases.cpp; sourceTree = "<group>"; };
		7A13EC581F82D8CA00060A84 /* TestCases.hpp */ = {isa = PBXFileReference; fileEncoding = 4; lastKnownFileType = sourcecode.cpp.h; path = TestCases.hpp; sourceTree = "<group>"; };
/* End PBXFileReference section */

/* Begin PBXFrameworksBuildPhase section */
		7A13EC481F82D87E00060A84 /* Frameworks */ = {
			isa = PBXFrameworksBuildPhase;
			buildActionMask = 2147483647;
			files = (
			);
			runOnlyForDeploymentPostprocessing = 0;
		};
/* End PBXFrameworksBuildPhase section */

/* Begin PBXGroup section */
		7A13EC421F82D87E00060A84 = {
			isa = PBXGroup;
			children = (
				7A13EC4D1F82D87E00060A84 /* Rational Numbers */,
				7A13EC4C1F82D87E00060A84 /* Products */,
			);
			sourceTree = "<group>";
		};
		7A13EC4C1F82D87E00060A84 /* Products */ = {
			isa = PBXGroup;
			children = (
				7A13EC4B1F82D87E00060A84 /* Rational Numbers */,
			);
			name = Products;
			sourceTree = "<group>";
		};
		7A13EC4D1F82D87E00060A84 /* Rational Numbers */ = {
			isa = PBXGroup;
			children = (
				7A13EC4E1F82D87E00060A84 /* main.cpp */,
				7A13EC561F82D8CA00060A84 /* Rational.hpp */,
				7A13EC551F82D8CA00060A84 /* Rational.cpp */,
				7A13EC581F82D8CA00060A84 /* TestCases.hpp */,
				7A13EC571F82D8CA00060A84 /* TestCases.cpp */,
			);
			path = "Rational Numbers";
			sourceTree = "<group>";
		};
/* End PBXGroup section */

/* Begin PBXNativeTarget section */
		7A13EC4A1F82D87E00060A84 /* Rational Numbers */ = {
			isa = PBXNativeTarget;
			buildConfigurationList = 7A13EC521F82D87E00060A84 /* Build configuration list for PBXNativeTarget "Rational Numbers" */;
			buildPhases = (
				7A13EC471F82D87E00060A84 /* Sources */,
				7A13EC481F82D87E00060A84 /* Frameworks */,
				7A13EC491F82D87E00060A84 /* CopyFiles */,
			);
			buildRules = (
			);
			dependencies = (
			);
			name = "Rational Numbers";
			productName = "Rational Numbers";
			productReference = 7A13EC4B1F82D87E00060A84 /* Rational Numbers */;
			productType = "com.apple.product-type.tool";
		};
/* End PBXNativeTarget section */

/* Begin PBXProject section */
		7A13EC431F82D87E00060A84 /* Project object */ = {
			isa = PBXProject;
			attributes = {
				LastUpgradeCheck = 0830;
				ORGANIZATIONNAME = "Kelsye Anderson";
				TargetAttributes = {
					7A13EC4A1F82D87E00060A84 = {
						CreatedOnToolsVersion = 8.3.3;
						ProvisioningStyle = Automatic;
					};
				};
			};
			buildConfigurationList = 7A13EC461F82D87E00060A84 /* Build configuration list for PBXProject "Rational Numbers" */;
			compatibilityVersion = "Xcode 3.2";
			developmentRegion = English;
			hasScannedForEncodings = 0;
			knownRegions = (
				en,
			);
			mainGroup = 7A13EC421F82D87E00060A84;
			productRefGroup = 7A13EC4C1F82D87E00060A84 /* Products */;
			projectDirPath = "";
			projectRoot = "";
			targets = (
				7A13EC4A1F82D87E00060A84 /* Rational Numbers */,
			);
		};
/* End PBXProject section */

/* Begin PBXSourcesBuildPhase section */
		7A13EC471F82D87E00060A84 /* Sources */ = {
			isa = PBXSourcesBuildPhase;
			buildActionMask = 2147483647;
			files = (
				7A13EC5A1F82D8CA00060A84 /* TestCases.cpp in Sources */,
				7A13EC4F1F82D87E00060A84 /* main.cpp in Sources */,
				7A13EC591F82D8CA00060A84 /* Rational.cpp in Sources */,
			);
			runOnlyForDeploymentPostprocessing = 0;
		};
/* End PBXSourcesBuildPhase section */

/* Begin XCBuildConfiguration section */
		7A13EC501F82D87E00060A84 /* Debug */ = {
			isa = XCBuildConfiguration;
			buildSettings = {
				ALWAYS_SEARCH_USER_PATHS = NO;
				CLANG_ANALYZER_NONNULL = YES;
				CLANG_ANALYZER_NUMBER_OBJECT_CONVERSION = YES_AGGRESSIVE;
				CLANG_CXX_LANGUAGE_STANDARD = "gnu++0x";
				CLANG_CXX_LIBRARY = "libc++";
				CLANG_ENABLE_MODULES = YES;
				CLANG_ENABLE_OBJC_ARC = YES;
				CLANG_WARN_BOOL_CONVERSION = YES;
				CLANG_WARN_CONSTANT_CONVERSION = YES;
				CLANG_WARN_DIRECT_OBJC_ISA_USAGE = YES_ERROR;
				CLANG_WARN_DOCUMENTATION_COMMENTS = YES;
				CLANG_WARN_EMPTY_BODY = YES;
				CLANG_WARN_ENUM_CONVERSION = YES;
				CLANG_WARN_INFINITE_RECURSION = YES;
				CLANG_WARN_INT_CONVERSION = YES;
				CLANG_WARN_OBJC_ROOT_CLASS = YES_ERROR;
				CLANG_WARN_SUSPICIOUS_MOVE = YES;
				CLANG_WARN_UNREACHABLE_CODE = YES;
				CLANG_WARN__DUPLICATE_METHOD_MATCH = YES;
				CODE_SIGN_IDENTITY = "-";
				COPY_PHASE_STRIP = NO;
				DEBUG_INFORMATION_FORMAT = dwarf;
				ENABLE_STRICT_OBJC_MSGSEND = YES;
				ENABLE_TESTABILITY = YES;
				GCC_C_LANGUAGE_STANDARD = gnu99;
				GCC_DYNAMIC_NO_PIC = NO;
				GCC_NO_COMMON_BLOCKS = YES;
				GCC_OPTIMIZATION_LEVEL = 0;
				GCC_PREPROCESSOR_DEFINITIONS = (
					"DEBUG=1",
					"$(inherited)",
				);
				GCC_WARN_64_TO_32_BIT_CONVERSION = YES;
				GCC_WARN_ABOUT_RETURN_TYPE = YES_ERROR;
				GCC_WARN_UNDECLARED_SELECTOR = YES;
				GCC_WARN_UNINITIALIZED_AUTOS = YES_AGGRESSIVE;
				GCC_WARN_UNUSED_FUNCTION = YES;
				GCC_WARN_UNUSED_VARIABLE = YES;
				MACOSX_DEPLOYMENT_TARGET = 10.12;
				MTL_ENABLE_DEBUG_INFO = YES;
				ONLY_ACTIVE_ARCH = YES;
				SDKROOT = macosx;
			};
			name = Debug;
		};
		7A13EC511F82D87E00060A84 /* Release */ = {
			isa = XCBuildConfiguration;
			buildSettings = {
				ALWAYS_SEARCH_USER_PATHS = NO;
				CLANG_ANALYZER_NONNULL = YES;
				CLANG_ANALYZER_NUMBER_OBJECT_CONVERSION = YES_AGGRESSIVE;
				CLANG_CXX_LANGUAGE_STANDARD = "gnu++0x";
				CLANG_CXX_LIBRARY = "libc++";
				CLANG_ENABLE_MODULES = YES;
				CLANG_ENABLE_OBJC_ARC = YES;
				CLANG_WARN_BOOL_CONVERSION = YES;
				CLANG_WARN_CONSTANT_CONVERSION = YES;
				CLANG_WARN_DIRECT_OBJC_ISA_USAGE = YES_ERROR;
				CLANG_WARN_DOCUMENTATION_COMMENTS = YES;
				CLANG_WARN_EMPTY_BODY = YES;
				CLANG_WARN_ENUM_CONVERSION = YES;
				CLANG_WARN_INFINITE_RECURSION = YES;
				CLANG_WARN_INT_CONVERSION = YES;
				CLANG_WARN_OBJC_ROOT_CLASS = YES_ERROR;
				CLANG_WARN_SUSPICIOUS_MOVE = YES;
				CLANG_WARN_UNREACHABLE_CODE = YES;
				CLANG_WARN__DUPLICATE_METHOD_MATCH = YES;
				CODE_SIGN_IDENTITY = "-";
				COPY_PHASE_STRIP = NO;
				DEBUG_INFORMATION_FORMAT = "dwarf-with-dsym";
				ENABLE_NS_ASSERTIONS = NO;
				ENABLE_STRICT_OBJC_MSGSEND = YES;
				GCC_C_LANGUAGE_STANDARD = gnu99;
				GCC_NO_COMMON_BLOCKS = YES;
				GCC_WARN_64_TO_32_BIT_CONVERSION = YES;
				GCC_WARN_ABOUT_RETURN_TYPE = YES_ERROR;
				GCC_WARN_UNDECLARED_SELECTOR = YES;
				GCC_WARN_UNINITIALIZED_AUTOS = YES_AGGRESSIVE;
				GCC_WARN_UNUSED_FUNCTION = YES;
				GCC_WARN_UNUSED_VARIABLE = YES;
				MACOSX_DEPLOYMENT_TARGET = 10.12;
				MTL_ENABLE_DEBUG_INFO = NO;
				SDKROOT = macosx;
			};
			name = Release;
		};
		7A13EC531F82D87E00060A84 /* Debug */ = {
			isa = XCBuildConfiguration;
			buildSettings = {
				PRODUCT_NAME = "$(TARGET_NAME)";
			};
			name = Debug;
		};
		7A13EC541F82D87E00060A84 /* Release */ = {
			isa = XCBuildConfiguration;
			buildSettings = {
				PRODUCT_NAME = "$(TARGET_NAME)";
			};
			name = Release;
		};
/* End XCBuildConfiguration section */

/* Begin XCConfigurationList section */
		7A13EC461F82D87E00060A84 /* Build configuration list for PBXProject "Rational Numbers" */ = {
			isa = XCConfigurationList;
			buildConfigurations = (
				7A13EC501F82D87E00060A84 /* Debug */,
				7A13EC511F82D87E00060A84 /* Release */,
			);
			defaultConfigurationIsVisible = 0;
			defaultConfigurationName = Release;
		};
		7A13EC521F82D87E00060A84 /* Build configuration list for PBXNativeTarget "Rational Numbers" */ = {
			isa = XCConfigurationList;
			buildConfigurations = (
				7A13EC531F82D87E00060A84 /* Debug */,
				7A13EC541F82D87E00060A84 /* Release */,
			);
			defaultConfigurationIsVisible = 0;
		};
/* End XCConfigurationList section */
	};
	rootObject = 7A13EC431F82D87E00060A84 /* Project object */;
}
